
Microsoft Visual Studio Solution File, Format Version 12.00
# Visual Studio 2013
VisualStudioVersion = 12.0.31101.0
MinimumVisualStudioVersion = 10.0.40219.1
Project("{FAE04EC0-301F-11D3-BF4B-00C04F79EFBC}") = "ABCLogistics", "ABCLogistics\ABCLogistics.csproj", "{4D108CC7-528C-456D-9759-422353EDA1E9}"
EndProject
Project("{FAE04EC0-301F-11D3-BF4B-00C04F79EFBC}") = "ABCLogistics.Services", "ABCLogistics.Services\ABCLogistics.Services.csproj", "{AD9D8B84-28B1-4B10-A1C3-9B337782CB08}"
EndProject
Project("{FAE04EC0-301F-11D3-BF4B-00C04F79EFBC}") = "ABCLogistics.Data", "ABCLogistics.Data\ABCLogistics.Data.csproj", "{A73403D9-F11A-44C9-AD6A-8280192F0636}"
EndProject
Global
	GlobalSection(SolutionConfigurationPlatforms) = preSolution
		Debug|Any CPU = Debug|Any CPU
		Release|Any CPU = Release|Any CPU
	EndGlobalSection
	GlobalSection(ProjectConfigurationPlatforms) = postSolution
		{4D108CC7-528C-456D-9759-422353EDA1E9}.Debug|Any CPU.ActiveCfg = Debug|Any CPU
		{4D108CC7-528C-456D-9759-422353EDA1E9}.Debug|Any CPU.Build.0 = Debug|Any CPU
		{4D108CC7-528C-456D-9759-422353EDA1E9}.Release|Any CPU.ActiveCfg = Release|Any CPU
		{4D108CC7-528C-456D-9759-422353EDA1E9}.Release|Any CPU.Build.0 = Release|Any CPU
		{AD9D8B84-28B1-4B10-A1C3-9B337782CB08}.Debug|Any CPU.ActiveCfg = Debug|Any CPU
		{AD9D8B84-28B1-4B10-A1C3-9B337782CB08}.Debug|Any CPU.Build.0 = Debug|Any CPU
		{AD9D8B84-28B1-4B10-A1C3-9B337782CB08}.Release|Any CPU.ActiveCfg = Release|Any CPU
		{AD9D8B84-28B1-4B10-A1C3-9B337782CB08}.Release|Any CPU.Build.0 = Release|Any CPU
		{A73403D9-F11A-44C9-AD6A-8280192F0636}.Debug|Any CPU.ActiveCfg = Debug|Any CPU
		{A73403D9-F11A-44C9-AD6A-8280192F0636}.Debug|Any CPU.Build.0 = Debug|Any CPU
		{A73403D9-F11A-44C9-AD6A-8280192F0636}.Release|Any CPU.ActiveCfg = Release|Any CPU
		{A73403D9-F11A-44C9-AD6A-8280192F0636}.Release|Any CPU.Build.0 = Release|Any CPU
	EndGlobalSection
	GlobalSection(SolutionProperties) = preSolution
		HideSolutionNode = FALSE
	EndGlobalSection
EndGlobal
